
Microsoft Visual Studio Solution File, Format Version 12.00
# Visual Studio 15
VisualStudioVersion = 15.0.27428.2043
MinimumVisualStudioVersion = 10.0.40219.1
Project("{FAE04EC0-301F-11D3-BF4B-00C04F79EFBC}") = "ShipLoader.UI", "ShipLoader.UI\ShipLoader.UI.csproj", "{E66F1B18-C4DD-4FFF-B6EE-FAEAC7A1A939}"
	ProjectSection(ProjectDependencies) = postProject
		{883C4B5B-DF41-49BD-8EFE-567F1DBD793D} = {883C4B5B-DF41-49BD-8EFE-567F1DBD793D}
		{7C2542CD-FFB7-4CB6-A94D-A2EF606EF4BE} = {7C2542CD-FFB7-4CB6-A94D-A2EF606EF4BE}
		{EE7961DB-2CBE-450B-9484-899FACB8CD1F} = {EE7961DB-2CBE-450B-9484-899FACB8CD1F}
	EndProjectSection
EndProject
Project("{FAE04EC0-301F-11D3-BF4B-00C04F79EFBC}") = "ShipLoader.API", "ShipLoader.API\ShipLoader.API.csproj", "{E5296C0B-B41A-45BE-83CB-C41E7C77F7B6}"
EndProject
Project("{FAE04EC0-301F-11D3-BF4B-00C04F79EFBC}") = "ShipLoader.TestMod", "ShipLoader.TestMod\ShipLoader.TestMod.csproj", "{EA5E3B96-E6FD-4739-96C7-FF2AE336E98E}"
EndProject
Project("{8BC9CEB8-8B4A-11D0-8D11-00A0C91BC942}") = "Harpoon", "Harpoon\Harpoon.vcxproj", "{EE7961DB-2CBE-450B-9484-899FACB8CD1F}"
	ProjectSection(ProjectDependencies) = postProject
		{883C4B5B-DF41-49BD-8EFE-567F1DBD793D} = {883C4B5B-DF41-49BD-8EFE-567F1DBD793D}
		{7C2542CD-FFB7-4CB6-A94D-A2EF606EF4BE} = {7C2542CD-FFB7-4CB6-A94D-A2EF606EF4BE}
	EndProjectSection
EndProject
Project("{8BC9CEB8-8B4A-11D0-8D11-00A0C91BC942}") = "HarpoonLoader", "HarpoonLoader\HarpoonLoader.vcxproj", "{7C2542CD-FFB7-4CB6-A94D-A2EF606EF4BE}"
	ProjectSection(ProjectDependencies) = postProject
		{883C4B5B-DF41-49BD-8EFE-567F1DBD793D} = {883C4B5B-DF41-49BD-8EFE-567F1DBD793D}
	EndProjectSection
EndProject
Project("{FAE04EC0-301F-11D3-BF4B-00C04F79EFBC}") = "Harpoon.Core", "Harpoon.Core\Harpoon.Core.csproj", "{883C4B5B-DF41-49BD-8EFE-567F1DBD793D}"
EndProject
Project("{2150E333-8FDC-42A3-9474-1A3956D46DE8}") = "Harpoon", "Harpoon", "{1FD83968-B71C-4404-80FF-09B97C701BDA}"
EndProject
Project("{2150E333-8FDC-42A3-9474-1A3956D46DE8}") = "ShipLoader", "ShipLoader", "{7D8055F9-6A7F-4753-8056-B4F798C6204B}"
EndProject
Project("{2150E333-8FDC-42A3-9474-1A3956D46DE8}") = "Mods", "Mods", "{2309944D-CDC6-42DC-9E31-A8C5EF53E65B}"
EndProject
Global
	GlobalSection(SolutionConfigurationPlatforms) = preSolution
		Debug|Any CPU = Debug|Any CPU
		Debug|x64 = Debug|x64
		Debug|x86 = Debug|x86
		Release|Any CPU = Release|Any CPU
		Release|x64 = Release|x64
		Release|x86 = Release|x86
	EndGlobalSection
	GlobalSection(ProjectConfigurationPlatforms) = postSolution
		{E66F1B18-C4DD-4FFF-B6EE-FAEAC7A1A939}.Debug|Any CPU.ActiveCfg = Debug|Any CPU
		{E66F1B18-C4DD-4FFF-B6EE-FAEAC7A1A939}.Debug|Any CPU.Build.0 = Debug|Any CPU
		{E66F1B18-C4DD-4FFF-B6EE-FAEAC7A1A939}.Debug|x64.ActiveCfg = Debug|Any CPU
		{E66F1B18-C4DD-4FFF-B6EE-FAEAC7A1A939}.Debug|x64.Build.0 = Debug|Any CPU
		{E66F1B18-C4DD-4FFF-B6EE-FAEAC7A1A939}.Debug|x86.ActiveCfg = Debug|Any CPU
		{E66F1B18-C4DD-4FFF-B6EE-FAEAC7A1A939}.Debug|x86.Build.0 = Debug|Any CPU
		{E66F1B18-C4DD-4FFF-B6EE-FAEAC7A1A939}.Release|Any CPU.ActiveCfg = Release|Any CPU
		{E66F1B18-C4DD-4FFF-B6EE-FAEAC7A1A939}.Release|Any CPU.Build.0 = Release|Any CPU
		{E66F1B18-C4DD-4FFF-B6EE-FAEAC7A1A939}.Release|x64.ActiveCfg = Release|Any CPU
		{E66F1B18-C4DD-4FFF-B6EE-FAEAC7A1A939}.Release|x64.Build.0 = Release|Any CPU
		{E66F1B18-C4DD-4FFF-B6EE-FAEAC7A1A939}.Release|x86.ActiveCfg = Release|Any CPU
		{E66F1B18-C4DD-4FFF-B6EE-FAEAC7A1A939}.Release|x86.Build.0 = Release|Any CPU
		{E5296C0B-B41A-45BE-83CB-C41E7C77F7B6}.Debug|Any CPU.ActiveCfg = Debug|Any CPU
		{E5296C0B-B41A-45BE-83CB-C41E7C77F7B6}.Debug|Any CPU.Build.0 = Debug|Any CPU
		{E5296C0B-B41A-45BE-83CB-C41E7C77F7B6}.Debug|x64.ActiveCfg = Debug|Any CPU
		{E5296C0B-B41A-45BE-83CB-C41E7C77F7B6}.Debug|x64.Build.0 = Debug|Any CPU
		{E5296C0B-B41A-45BE-83CB-C41E7C77F7B6}.Debug|x86.ActiveCfg = Debug|Any CPU
		{E5296C0B-B41A-45BE-83CB-C41E7C77F7B6}.Debug|x86.Build.0 = Debug|Any CPU
		{E5296C0B-B41A-45BE-83CB-C41E7C77F7B6}.Release|Any CPU.ActiveCfg = Release|Any CPU
		{E5296C0B-B41A-45BE-83CB-C41E7C77F7B6}.Release|Any CPU.Build.0 = Release|Any CPU
		{E5296C0B-B41A-45BE-83CB-C41E7C77F7B6}.Release|x64.ActiveCfg = Release|Any CPU
		{E5296C0B-B41A-45BE-83CB-C41E7C77F7B6}.Release|x64.Build.0 = Release|Any CPU
		{E5296C0B-B41A-45BE-83CB-C41E7C77F7B6}.Release|x86.ActiveCfg = Release|Any CPU
		{E5296C0B-B41A-45BE-83CB-C41E7C77F7B6}.Release|x86.Build.0 = Release|Any CPU
		{EA5E3B96-E6FD-4739-96C7-FF2AE336E98E}.Debug|Any CPU.ActiveCfg = Debug|Any CPU
		{EA5E3B96-E6FD-4739-96C7-FF2AE336E98E}.Debug|Any CPU.Build.0 = Debug|Any CPU
		{EA5E3B96-E6FD-4739-96C7-FF2AE336E98E}.Debug|x64.ActiveCfg = Debug|Any CPU
		{EA5E3B96-E6FD-4739-96C7-FF2AE336E98E}.Debug|x64.Build.0 = Debug|Any CPU
		{EA5E3B96-E6FD-4739-96C7-FF2AE336E98E}.Debug|x86.ActiveCfg = Debug|Any CPU
		{EA5E3B96-E6FD-4739-96C7-FF2AE336E98E}.Debug|x86.Build.0 = Debug|Any CPU
		{EA5E3B96-E6FD-4739-96C7-FF2AE336E98E}.Release|Any CPU.ActiveCfg = Release|Any CPU
		{EA5E3B96-E6FD-4739-96C7-FF2AE336E98E}.Release|Any CPU.Build.0 = Release|Any CPU
		{EA5E3B96-E6FD-4739-96C7-FF2AE336E98E}.Release|x64.ActiveCfg = Release|Any CPU
		{EA5E3B96-E6FD-4739-96C7-FF2AE336E98E}.Release|x64.Build.0 = Release|Any CPU
		{EA5E3B96-E6FD-4739-96C7-FF2AE336E98E}.Release|x86.ActiveCfg = Release|Any CPU
		{EA5E3B96-E6FD-4739-96C7-FF2AE336E98E}.Release|x86.Build.0 = Release|Any CPU
		{EE7961DB-2CBE-450B-9484-899FACB8CD1F}.Debug|Any CPU.ActiveCfg = Debug|Win32
		{EE7961DB-2CBE-450B-9484-899FACB8CD1F}.Debug|x64.ActiveCfg = Debug|x64
		{EE7961DB-2CBE-450B-9484-899FACB8CD1F}.Debug|x64.Build.0 = Debug|x64
		{EE7961DB-2CBE-450B-9484-899FACB8CD1F}.Debug|x86.ActiveCfg = Debug|Win32
		{EE7961DB-2CBE-450B-9484-899FACB8CD1F}.Debug|x86.Build.0 = Debug|Win32
		{EE7961DB-2CBE-450B-9484-899FACB8CD1F}.Release|Any CPU.ActiveCfg = Release|Win32
		{EE7961DB-2CBE-450B-9484-899FACB8CD1F}.Release|x64.ActiveCfg = Debug|x64
		{EE7961DB-2CBE-450B-9484-899FACB8CD1F}.Release|x64.Build.0 = Debug|x64
		{EE7961DB-2CBE-450B-9484-899FACB8CD1F}.Release|x86.ActiveCfg = Release|Win32
		{EE7961DB-2CBE-450B-9484-899FACB8CD1F}.Release|x86.Build.0 = Release|Win32
		{7C2542CD-FFB7-4CB6-A94D-A2EF606EF4BE}.Debug|Any CPU.ActiveCfg = Debug|Win32
		{7C2542CD-FFB7-4CB6-A94D-A2EF606EF4BE}.Debug|x64.ActiveCfg = Debug|x64
		{7C2542CD-FFB7-4CB6-A94D-A2EF606EF4BE}.Debug|x64.Build.0 = Debug|x64
		{7C2542CD-FFB7-4CB6-A94D-A2EF606EF4BE}.Debug|x86.ActiveCfg = Debug|Win32
		{7C2542CD-FFB7-4CB6-A94D-A2EF606EF4BE}.Debug|x86.Build.0 = Debug|Win32
		{7C2542CD-FFB7-4CB6-A94D-A2EF606EF4BE}.Release|Any CPU.ActiveCfg = Release|Win32
		{7C2542CD-FFB7-4CB6-A94D-A2EF606EF4BE}.Release|x64.ActiveCfg = Debug|x64
		{7C2542CD-FFB7-4CB6-A94D-A2EF606EF4BE}.Release|x64.Build.0 = Debug|x64
		{7C2542CD-FFB7-4CB6-A94D-A2EF606EF4BE}.Release|x86.ActiveCfg = Release|Win32
		{7C2542CD-FFB7-4CB6-A94D-A2EF606EF4BE}.Release|x86.Build.0 = Release|Win32
		{883C4B5B-DF41-49BD-8EFE-567F1DBD793D}.Debug|Any CPU.ActiveCfg = Debug|Any CPU
		{883C4B5B-DF41-49BD-8EFE-567F1DBD793D}.Debug|Any CPU.Build.0 = Debug|Any CPU
		{883C4B5B-DF41-49BD-8EFE-567F1DBD793D}.Debug|x64.ActiveCfg = Debug|Any CPU
		{883C4B5B-DF41-49BD-8EFE-567F1DBD793D}.Debug|x64.Build.0 = Debug|Any CPU
		{883C4B5B-DF41-49BD-8EFE-567F1DBD793D}.Debug|x86.ActiveCfg = Debug|Any CPU
		{883C4B5B-DF41-49BD-8EFE-567F1DBD793D}.Debug|x86.Build.0 = Debug|Any CPU
		{883C4B5B-DF41-49BD-8EFE-567F1DBD793D}.Release|Any CPU.ActiveCfg = Release|Any CPU
		{883C4B5B-DF41-49BD-8EFE-567F1DBD793D}.Release|Any CPU.Build.0 = Release|Any CPU
		{883C4B5B-DF41-49BD-8EFE-567F1DBD793D}.Release|x64.ActiveCfg = Release|Any CPU
		{883C4B5B-DF41-49BD-8EFE-567F1DBD793D}.Release|x64.Build.0 = Release|Any CPU
		{883C4B5B-DF41-49BD-8EFE-567F1DBD793D}.Release|x86.ActiveCfg = Release|Any CPU
		{883C4B5B-DF41-49BD-8EFE-567F1DBD793D}.Release|x86.Build.0 = Release|Any CPU
	EndGlobalSection
	GlobalSection(SolutionProperties) = preSolution
		HideSolutionNode = FALSE
	EndGlobalSection
	GlobalSection(NestedProjects) = preSolution
		{E66F1B18-C4DD-4FFF-B6EE-FAEAC7A1A939} = {7D8055F9-6A7F-4753-8056-B4F798C6204B}
		{E5296C0B-B41A-45BE-83CB-C41E7C77F7B6} = {7D8055F9-6A7F-4753-8056-B4F798C6204B}
		{EA5E3B96-E6FD-4739-96C7-FF2AE336E98E} = {2309944D-CDC6-42DC-9E31-A8C5EF53E65B}
		{EE7961DB-2CBE-450B-9484-899FACB8CD1F} = {1FD83968-B71C-4404-80FF-09B97C701BDA}
		{7C2542CD-FFB7-4CB6-A94D-A2EF606EF4BE} = {1FD83968-B71C-4404-80FF-09B97C701BDA}
		{883C4B5B-DF41-49BD-8EFE-567F1DBD793D} = {1FD83968-B71C-4404-80FF-09B97C701BDA}
	EndGlobalSection
	GlobalSection(ExtensibilityGlobals) = postSolution
		SolutionGuid = {9BFD3DE8-72D6-49D1-AE55-3BEF3E01E018}
	EndGlobalSection
EndGlobal
