
Microsoft Visual Studio Solution File, Format Version 12.00
# Visual Studio 15
VisualStudioVersion = 15.0.27428.2043
MinimumVisualStudioVersion = 10.0.40219.1
Project("{FAE04EC0-301F-11D3-BF4B-00C04F79EFBC}") = "ShipLoader.UI", "ShipLoader.UI\ShipLoader.UI.csproj", "{E66F1B18-C4DD-4FFF-B6EE-FAEAC7A1A939}"
EndProject
Project("{FAE04EC0-301F-11D3-BF4B-00C04F79EFBC}") = "ShipLoader.API", "ShipLoader.API\ShipLoader.API.csproj", "{E5296C0B-B41A-45BE-83CB-C41E7C77F7B6}"
EndProject
Project("{FAE04EC0-301F-11D3-BF4B-00C04F79EFBC}") = "ShipLoader.TestMod", "ShipLoader.TestMod\ShipLoader.TestMod.csproj", "{EA5E3B96-E6FD-4739-96C7-FF2AE336E98E}"
EndProject
Project("{FAE04EC0-301F-11D3-BF4B-00C04F79EFBC}") = "ShipLoader.Injector", "ShipLoader.Injector\ShipLoader.Injector.csproj", "{8379EA1A-1EFF-485E-9A33-97789B13155D}"
EndProject
Global
	GlobalSection(SolutionConfigurationPlatforms) = preSolution
		Debug|Any CPU = Debug|Any CPU
		Debug|x64 = Debug|x64
		Debug|x86 = Debug|x86
		Release|Any CPU = Release|Any CPU
		Release|x64 = Release|x64
		Release|x86 = Release|x86
	EndGlobalSection
	GlobalSection(ProjectConfigurationPlatforms) = postSolution
		{E66F1B18-C4DD-4FFF-B6EE-FAEAC7A1A939}.Debug|Any CPU.ActiveCfg = Debug|Any CPU
		{E66F1B18-C4DD-4FFF-B6EE-FAEAC7A1A939}.Debug|Any CPU.Build.0 = Debug|Any CPU
		{E66F1B18-C4DD-4FFF-B6EE-FAEAC7A1A939}.Debug|x64.ActiveCfg = Debug|Any CPU
		{E66F1B18-C4DD-4FFF-B6EE-FAEAC7A1A939}.Debug|x64.Build.0 = Debug|Any CPU
		{E66F1B18-C4DD-4FFF-B6EE-FAEAC7A1A939}.Debug|x86.ActiveCfg = Debug|Any CPU
		{E66F1B18-C4DD-4FFF-B6EE-FAEAC7A1A939}.Debug|x86.Build.0 = Debug|Any CPU
		{E66F1B18-C4DD-4FFF-B6EE-FAEAC7A1A939}.Release|Any CPU.ActiveCfg = Release|Any CPU
		{E66F1B18-C4DD-4FFF-B6EE-FAEAC7A1A939}.Release|Any CPU.Build.0 = Release|Any CPU
		{E66F1B18-C4DD-4FFF-B6EE-FAEAC7A1A939}.Release|x64.ActiveCfg = Release|Any CPU
		{E66F1B18-C4DD-4FFF-B6EE-FAEAC7A1A939}.Release|x64.Build.0 = Release|Any CPU
		{E66F1B18-C4DD-4FFF-B6EE-FAEAC7A1A939}.Release|x86.ActiveCfg = Release|Any CPU
		{E66F1B18-C4DD-4FFF-B6EE-FAEAC7A1A939}.Release|x86.Build.0 = Release|Any CPU
		{E5296C0B-B41A-45BE-83CB-C41E7C77F7B6}.Debug|Any CPU.ActiveCfg = Debug|Any CPU
		{E5296C0B-B41A-45BE-83CB-C41E7C77F7B6}.Debug|Any CPU.Build.0 = Debug|Any CPU
		{E5296C0B-B41A-45BE-83CB-C41E7C77F7B6}.Debug|x64.ActiveCfg = Debug|Any CPU
		{E5296C0B-B41A-45BE-83CB-C41E7C77F7B6}.Debug|x64.Build.0 = Debug|Any CPU
		{E5296C0B-B41A-45BE-83CB-C41E7C77F7B6}.Debug|x86.ActiveCfg = Debug|Any CPU
		{E5296C0B-B41A-45BE-83CB-C41E7C77F7B6}.Debug|x86.Build.0 = Debug|Any CPU
		{E5296C0B-B41A-45BE-83CB-C41E7C77F7B6}.Release|Any CPU.ActiveCfg = Release|Any CPU
		{E5296C0B-B41A-45BE-83CB-C41E7C77F7B6}.Release|Any CPU.Build.0 = Release|Any CPU
		{E5296C0B-B41A-45BE-83CB-C41E7C77F7B6}.Release|x64.ActiveCfg = Release|Any CPU
		{E5296C0B-B41A-45BE-83CB-C41E7C77F7B6}.Release|x64.Build.0 = Release|Any CPU
		{E5296C0B-B41A-45BE-83CB-C41E7C77F7B6}.Release|x86.ActiveCfg = Release|Any CPU
		{E5296C0B-B41A-45BE-83CB-C41E7C77F7B6}.Release|x86.Build.0 = Release|Any CPU
		{EA5E3B96-E6FD-4739-96C7-FF2AE336E98E}.Debug|Any CPU.ActiveCfg = Debug|Any CPU
		{EA5E3B96-E6FD-4739-96C7-FF2AE336E98E}.Debug|Any CPU.Build.0 = Debug|Any CPU
		{EA5E3B96-E6FD-4739-96C7-FF2AE336E98E}.Debug|x64.ActiveCfg = Debug|Any CPU
		{EA5E3B96-E6FD-4739-96C7-FF2AE336E98E}.Debug|x64.Build.0 = Debug|Any CPU
		{EA5E3B96-E6FD-4739-96C7-FF2AE336E98E}.Debug|x86.ActiveCfg = Debug|Any CPU
		{EA5E3B96-E6FD-4739-96C7-FF2AE336E98E}.Debug|x86.Build.0 = Debug|Any CPU
		{EA5E3B96-E6FD-4739-96C7-FF2AE336E98E}.Release|Any CPU.ActiveCfg = Release|Any CPU
		{EA5E3B96-E6FD-4739-96C7-FF2AE336E98E}.Release|Any CPU.Build.0 = Release|Any CPU
		{EA5E3B96-E6FD-4739-96C7-FF2AE336E98E}.Release|x64.ActiveCfg = Release|Any CPU
		{EA5E3B96-E6FD-4739-96C7-FF2AE336E98E}.Release|x64.Build.0 = Release|Any CPU
		{EA5E3B96-E6FD-4739-96C7-FF2AE336E98E}.Release|x86.ActiveCfg = Release|Any CPU
		{EA5E3B96-E6FD-4739-96C7-FF2AE336E98E}.Release|x86.Build.0 = Release|Any CPU
		{8379EA1A-1EFF-485E-9A33-97789B13155D}.Debug|Any CPU.ActiveCfg = Debug|Any CPU
		{8379EA1A-1EFF-485E-9A33-97789B13155D}.Debug|Any CPU.Build.0 = Debug|Any CPU
		{8379EA1A-1EFF-485E-9A33-97789B13155D}.Debug|x64.ActiveCfg = Debug|Any CPU
		{8379EA1A-1EFF-485E-9A33-97789B13155D}.Debug|x64.Build.0 = Debug|Any CPU
		{8379EA1A-1EFF-485E-9A33-97789B13155D}.Debug|x86.ActiveCfg = Debug|Any CPU
		{8379EA1A-1EFF-485E-9A33-97789B13155D}.Debug|x86.Build.0 = Debug|Any CPU
		{8379EA1A-1EFF-485E-9A33-97789B13155D}.Release|Any CPU.ActiveCfg = Release|Any CPU
		{8379EA1A-1EFF-485E-9A33-97789B13155D}.Release|Any CPU.Build.0 = Release|Any CPU
		{8379EA1A-1EFF-485E-9A33-97789B13155D}.Release|x64.ActiveCfg = Release|Any CPU
		{8379EA1A-1EFF-485E-9A33-97789B13155D}.Release|x64.Build.0 = Release|Any CPU
		{8379EA1A-1EFF-485E-9A33-97789B13155D}.Release|x86.ActiveCfg = Release|Any CPU
		{8379EA1A-1EFF-485E-9A33-97789B13155D}.Release|x86.Build.0 = Release|Any CPU
	EndGlobalSection
	GlobalSection(SolutionProperties) = preSolution
		HideSolutionNode = FALSE
	EndGlobalSection
	GlobalSection(ExtensibilityGlobals) = postSolution
		SolutionGuid = {9BFD3DE8-72D6-49D1-AE55-3BEF3E01E018}
	EndGlobalSection
EndGlobal
