
Microsoft Visual Studio Solution File, Format Version 12.00
# Visual Studio 15
VisualStudioVersion = 15.0.27428.2043
MinimumVisualStudioVersion = 10.0.40219.1
Project("{FAE04EC0-301F-11D3-BF4B-00C04F79EFBC}") = "ShipLoader.UI", "ShipLoader.UI\ShipLoader.UI.csproj", "{E66F1B18-C4DD-4FFF-B6EE-FAEAC7A1A939}"
EndProject
Project("{FAE04EC0-301F-11D3-BF4B-00C04F79EFBC}") = "ShipLoader.API", "ShipLoader.API\ShipLoader.API.csproj", "{E5296C0B-B41A-45BE-83CB-C41E7C77F7B6}"
EndProject
Project("{FAE04EC0-301F-11D3-BF4B-00C04F79EFBC}") = "ShipLoader.TestMod", "ShipLoader.TestMod\ShipLoader.TestMod.csproj", "{EA5E3B96-E6FD-4739-96C7-FF2AE336E98E}"
EndProject
Project("{8BC9CEB8-8B4A-11D0-8D11-00A0C91BC942}") = "Harpoon.Dll", "Harpoon.Dll\HarpoonDll.vcxproj", "{30411E0F-CE0A-437C-BBEF-F0C4ED9DC1AF}"
EndProject
Project("{8BC9CEB8-8B4A-11D0-8D11-00A0C91BC942}") = "Harpoon", "Harpoon\Harpoon.vcxproj", "{EE7961DB-2CBE-450B-9484-899FACB8CD1F}"
EndProject
Global
	GlobalSection(SolutionConfigurationPlatforms) = preSolution
		Debug|Any CPU = Debug|Any CPU
		Debug|x64 = Debug|x64
		Debug|x86 = Debug|x86
		Release|Any CPU = Release|Any CPU
		Release|x64 = Release|x64
		Release|x86 = Release|x86
	EndGlobalSection
	GlobalSection(ProjectConfigurationPlatforms) = postSolution
		{E66F1B18-C4DD-4FFF-B6EE-FAEAC7A1A939}.Debug|Any CPU.ActiveCfg = Debug|Any CPU
		{E66F1B18-C4DD-4FFF-B6EE-FAEAC7A1A939}.Debug|Any CPU.Build.0 = Debug|Any CPU
		{E66F1B18-C4DD-4FFF-B6EE-FAEAC7A1A939}.Debug|x64.ActiveCfg = Debug|Any CPU
		{E66F1B18-C4DD-4FFF-B6EE-FAEAC7A1A939}.Debug|x64.Build.0 = Debug|Any CPU
		{E66F1B18-C4DD-4FFF-B6EE-FAEAC7A1A939}.Debug|x86.ActiveCfg = Debug|Any CPU
		{E66F1B18-C4DD-4FFF-B6EE-FAEAC7A1A939}.Debug|x86.Build.0 = Debug|Any CPU
		{E66F1B18-C4DD-4FFF-B6EE-FAEAC7A1A939}.Release|Any CPU.ActiveCfg = Release|Any CPU
		{E66F1B18-C4DD-4FFF-B6EE-FAEAC7A1A939}.Release|Any CPU.Build.0 = Release|Any CPU
		{E66F1B18-C4DD-4FFF-B6EE-FAEAC7A1A939}.Release|x64.ActiveCfg = Release|Any CPU
		{E66F1B18-C4DD-4FFF-B6EE-FAEAC7A1A939}.Release|x64.Build.0 = Release|Any CPU
		{E66F1B18-C4DD-4FFF-B6EE-FAEAC7A1A939}.Release|x86.ActiveCfg = Release|Any CPU
		{E66F1B18-C4DD-4FFF-B6EE-FAEAC7A1A939}.Release|x86.Build.0 = Release|Any CPU
		{E5296C0B-B41A-45BE-83CB-C41E7C77F7B6}.Debug|Any CPU.ActiveCfg = Debug|Any CPU
		{E5296C0B-B41A-45BE-83CB-C41E7C77F7B6}.Debug|Any CPU.Build.0 = Debug|Any CPU
		{E5296C0B-B41A-45BE-83CB-C41E7C77F7B6}.Debug|x64.ActiveCfg = Debug|Any CPU
		{E5296C0B-B41A-45BE-83CB-C41E7C77F7B6}.Debug|x64.Build.0 = Debug|Any CPU
		{E5296C0B-B41A-45BE-83CB-C41E7C77F7B6}.Debug|x86.ActiveCfg = Debug|Any CPU
		{E5296C0B-B41A-45BE-83CB-C41E7C77F7B6}.Debug|x86.Build.0 = Debug|Any CPU
		{E5296C0B-B41A-45BE-83CB-C41E7C77F7B6}.Release|Any CPU.ActiveCfg = Release|Any CPU
		{E5296C0B-B41A-45BE-83CB-C41E7C77F7B6}.Release|Any CPU.Build.0 = Release|Any CPU
		{E5296C0B-B41A-45BE-83CB-C41E7C77F7B6}.Release|x64.ActiveCfg = Release|Any CPU
		{E5296C0B-B41A-45BE-83CB-C41E7C77F7B6}.Release|x64.Build.0 = Release|Any CPU
		{E5296C0B-B41A-45BE-83CB-C41E7C77F7B6}.Release|x86.ActiveCfg = Release|Any CPU
		{E5296C0B-B41A-45BE-83CB-C41E7C77F7B6}.Release|x86.Build.0 = Release|Any CPU
		{EA5E3B96-E6FD-4739-96C7-FF2AE336E98E}.Debug|Any CPU.ActiveCfg = Debug|Any CPU
		{EA5E3B96-E6FD-4739-96C7-FF2AE336E98E}.Debug|Any CPU.Build.0 = Debug|Any CPU
		{EA5E3B96-E6FD-4739-96C7-FF2AE336E98E}.Debug|x64.ActiveCfg = Debug|Any CPU
		{EA5E3B96-E6FD-4739-96C7-FF2AE336E98E}.Debug|x64.Build.0 = Debug|Any CPU
		{EA5E3B96-E6FD-4739-96C7-FF2AE336E98E}.Debug|x86.ActiveCfg = Debug|Any CPU
		{EA5E3B96-E6FD-4739-96C7-FF2AE336E98E}.Debug|x86.Build.0 = Debug|Any CPU
		{EA5E3B96-E6FD-4739-96C7-FF2AE336E98E}.Release|Any CPU.ActiveCfg = Release|Any CPU
		{EA5E3B96-E6FD-4739-96C7-FF2AE336E98E}.Release|Any CPU.Build.0 = Release|Any CPU
		{EA5E3B96-E6FD-4739-96C7-FF2AE336E98E}.Release|x64.ActiveCfg = Release|Any CPU
		{EA5E3B96-E6FD-4739-96C7-FF2AE336E98E}.Release|x64.Build.0 = Release|Any CPU
		{EA5E3B96-E6FD-4739-96C7-FF2AE336E98E}.Release|x86.ActiveCfg = Release|Any CPU
		{EA5E3B96-E6FD-4739-96C7-FF2AE336E98E}.Release|x86.Build.0 = Release|Any CPU
		{30411E0F-CE0A-437C-BBEF-F0C4ED9DC1AF}.Debug|Any CPU.ActiveCfg = Debug|Win32
		{30411E0F-CE0A-437C-BBEF-F0C4ED9DC1AF}.Debug|x64.ActiveCfg = Debug|x64
		{30411E0F-CE0A-437C-BBEF-F0C4ED9DC1AF}.Debug|x64.Build.0 = Debug|x64
		{30411E0F-CE0A-437C-BBEF-F0C4ED9DC1AF}.Debug|x86.ActiveCfg = Debug|Win32
		{30411E0F-CE0A-437C-BBEF-F0C4ED9DC1AF}.Debug|x86.Build.0 = Debug|Win32
		{30411E0F-CE0A-437C-BBEF-F0C4ED9DC1AF}.Release|Any CPU.ActiveCfg = Release|Win32
		{30411E0F-CE0A-437C-BBEF-F0C4ED9DC1AF}.Release|x64.ActiveCfg = Release|x64
		{30411E0F-CE0A-437C-BBEF-F0C4ED9DC1AF}.Release|x64.Build.0 = Release|x64
		{30411E0F-CE0A-437C-BBEF-F0C4ED9DC1AF}.Release|x86.ActiveCfg = Release|Win32
		{30411E0F-CE0A-437C-BBEF-F0C4ED9DC1AF}.Release|x86.Build.0 = Release|Win32
		{EE7961DB-2CBE-450B-9484-899FACB8CD1F}.Debug|Any CPU.ActiveCfg = Debug|Win32
		{EE7961DB-2CBE-450B-9484-899FACB8CD1F}.Debug|x64.ActiveCfg = Debug|x64
		{EE7961DB-2CBE-450B-9484-899FACB8CD1F}.Debug|x64.Build.0 = Debug|x64
		{EE7961DB-2CBE-450B-9484-899FACB8CD1F}.Debug|x86.ActiveCfg = Debug|Win32
		{EE7961DB-2CBE-450B-9484-899FACB8CD1F}.Debug|x86.Build.0 = Debug|Win32
		{EE7961DB-2CBE-450B-9484-899FACB8CD1F}.Release|Any CPU.ActiveCfg = Release|Win32
		{EE7961DB-2CBE-450B-9484-899FACB8CD1F}.Release|x64.ActiveCfg = Release|x64
		{EE7961DB-2CBE-450B-9484-899FACB8CD1F}.Release|x64.Build.0 = Release|x64
		{EE7961DB-2CBE-450B-9484-899FACB8CD1F}.Release|x86.ActiveCfg = Release|Win32
		{EE7961DB-2CBE-450B-9484-899FACB8CD1F}.Release|x86.Build.0 = Release|Win32
	EndGlobalSection
	GlobalSection(SolutionProperties) = preSolution
		HideSolutionNode = FALSE
	EndGlobalSection
	GlobalSection(ExtensibilityGlobals) = postSolution
		SolutionGuid = {9BFD3DE8-72D6-49D1-AE55-3BEF3E01E018}
	EndGlobalSection
EndGlobal
